// !$*UTF8*$!
{
	archiveVersion = 1;
	classes = {
	};
	objectVersion = 50;
	objects = {

/* Begin PBXBuildFile section */
		71800F4B22DBFE8400CD9C63 /* AppDelegate.m in Sources */ = {isa = PBXBuildFile; fileRef = 71800F4A22DBFE8400CD9C63 /* AppDelegate.m */; };
		71800F4E22DBFE8400CD9C63 /* ViewController.m in Sources */ = {isa = PBXBuildFile; fileRef = 71800F4D22DBFE8400CD9C63 /* ViewController.m */; };
		71800F5122DBFE8400CD9C63 /* Main.storyboard in Resources */ = {isa = PBXBuildFile; fileRef = 71800F4F22DBFE8400CD9C63 /* Main.storyboard */; };
		71800F5322DBFE8600CD9C63 /* Assets.xcassets in Resources */ = {isa = PBXBuildFile; fileRef = 71800F5222DBFE8600CD9C63 /* Assets.xcassets */; };
		71800F5622DBFE8600CD9C63 /* LaunchScreen.storyboard in Resources */ = {isa = PBXBuildFile; fileRef = 71800F5422DBFE8600CD9C63 /* LaunchScreen.storyboard */; };
		71800F5922DBFE8600CD9C63 /* main.m in Sources */ = {isa = PBXBuildFile; fileRef = 71800F5822DBFE8600CD9C63 /* main.m */; };
		71800F6322DBFE8600CD9C63 /* ShopCarExampleTests.m in Sources */ = {isa = PBXBuildFile; fileRef = 71800F6222DBFE8600CD9C63 /* ShopCarExampleTests.m */; };
		71800F6E22DBFE8600CD9C63 /* ShopCarExampleUITests.m in Sources */ = {isa = PBXBuildFile; fileRef = 71800F6D22DBFE8600CD9C63 /* ShopCarExampleUITests.m */; };
/* End PBXBuildFile section */

/* Begin PBXContainerItemProxy section */
		71800F5F22DBFE8600CD9C63 /* PBXContainerItemProxy */ = {
			isa = PBXContainerItemProxy;
			containerPortal = 71800F3E22DBFE8400CD9C63 /* Project object */;
			proxyType = 1;
			remoteGlobalIDString = 71800F4522DBFE8400CD9C63;
			remoteInfo = ShopCarExample;
		};
		71800F6A22DBFE8600CD9C63 /* PBXContainerItemProxy */ = {
			isa = PBXContainerItemProxy;
			containerPortal = 71800F3E22DBFE8400CD9C63 /* Project object */;
			proxyType = 1;
			remoteGlobalIDString = 71800F4522DBFE8400CD9C63;
			remoteInfo = ShopCarExample;
		};
/* End PBXContainerItemProxy section */

/* Begin PBXFileReference section */
		71800F4622DBFE8400CD9C63 /* ShopCarExample.app */ = {isa = PBXFileReference; explicitFileType = wrapper.application; includeInIndex = 0; path = ShopCarExample.app; sourceTree = BUILT_PRODUCTS_DIR; };
		71800F4922DBFE8400CD9C63 /* AppDelegate.h */ = {isa = PBXFileReference; lastKnownFileType = sourcecode.c.h; path = AppDelegate.h; sourceTree = "<group>"; };
		71800F4A22DBFE8400CD9C63 /* AppDelegate.m */ = {isa = PBXFileReference; lastKnownFileType = sourcecode.c.objc; path = AppDelegate.m; sourceTree = "<group>"; };
		71800F4C22DBFE8400CD9C63 /* ViewController.h */ = {isa = PBXFileReference; lastKnownFileType = sourcecode.c.h; path = ViewController.h; sourceTree = "<group>"; };
		71800F4D22DBFE8400CD9C63 /* ViewController.m */ = {isa = PBXFileReference; lastKnownFileType = sourcecode.c.objc; path = ViewController.m; sourceTree = "<group>"; };
		71800F5022DBFE8400CD9C63 /* Base */ = {isa = PBXFileReference; lastKnownFileType = file.storyboard; name = Base; path = Base.lproj/Main.storyboard; sourceTree = "<group>"; };
		71800F5222DBFE8600CD9C63 /* Assets.xcassets */ = {isa = PBXFileReference; lastKnownFileType = folder.assetcatalog; path = Assets.xcassets; sourceTree = "<group>"; };
		71800F5522DBFE8600CD9C63 /* Base */ = {isa = PBXFileReference; lastKnownFileType = file.storyboard; name = Base; path = Base.lproj/LaunchScreen.storyboard; sourceTree = "<group>"; };
		71800F5722DBFE8600CD9C63 /* Info.plist */ = {isa = PBXFileReference; lastKnownFileType = text.plist.xml; path = Info.plist; sourceTree = "<group>"; };
		71800F5822DBFE8600CD9C63 /* main.m */ = {isa = PBXFileReference; lastKnownFileType = sourcecode.c.objc; path = main.m; sourceTree = "<group>"; };
		71800F5E22DBFE8600CD9C63 /* ShopCarExampleTests.xctest */ = {isa = PBXFileReference; explicitFileType = wrapper.cfbundle; includeInIndex = 0; path = ShopCarExampleTests.xctest; sourceTree = BUILT_PRODUCTS_DIR; };
		71800F6222DBFE8600CD9C63 /* ShopCarExampleTests.m */ = {isa = PBXFileReference; lastKnownFileType = sourcecode.c.objc; path = ShopCarExampleTests.m; sourceTree = "<group>"; };
		71800F6422DBFE8600CD9C63 /* Info.plist */ = {isa = PBXFileReference; lastKnownFileType = text.plist.xml; path = Info.plist; sourceTree = "<group>"; };
		71800F6922DBFE8600CD9C63 /* ShopCarExampleUITests.xctest */ = {isa = PBXFileReference; explicitFileType = wrapper.cfbundle; includeInIndex = 0; path = ShopCarExampleUITests.xctest; sourceTree = BUILT_PRODUCTS_DIR; };
		71800F6D22DBFE8600CD9C63 /* ShopCarExampleUITests.m */ = {isa = PBXFileReference; lastKnownFileType = sourcecode.c.objc; path = ShopCarExampleUITests.m; sourceTree = "<group>"; };
		71800F6F22DBFE8600CD9C63 /* Info.plist */ = {isa = PBXFileReference; lastKnownFileType = text.plist.xml; path = Info.plist; sourceTree = "<group>"; };
/* End PBXFileReference section */

/* Begin PBXFrameworksBuildPhase section */
		71800F4322DBFE8400CD9C63 /* Frameworks */ = {
			isa = PBXFrameworksBuildPhase;
			buildActionMask = 2147483647;
			files = (
			);
			runOnlyForDeploymentPostprocessing = 0;
		};
		71800F5B22DBFE8600CD9C63 /* Frameworks */ = {
			isa = PBXFrameworksBuildPhase;
			buildActionMask = 2147483647;
			files = (
			);
			runOnlyForDeploymentPostprocessing = 0;
		};
		71800F6622DBFE8600CD9C63 /* Frameworks */ = {
			isa = PBXFrameworksBuildPhase;
			buildActionMask = 2147483647;
			files = (
			);
			runOnlyForDeploymentPostprocessing = 0;
		};
/* End PBXFrameworksBuildPhase section */

/* Begin PBXGroup section */
		71800F3D22DBFE8400CD9C63 = {
			isa = PBXGroup;
			children = (
				71800F4822DBFE8400CD9C63 /* ShopCarExample */,
				71800F6122DBFE8600CD9C63 /* ShopCarExampleTests */,
				71800F6C22DBFE8600CD9C63 /* ShopCarExampleUITests */,
				71800F4722DBFE8400CD9C63 /* Products */,
			);
			sourceTree = "<group>";
		};
		71800F4722DBFE8400CD9C63 /* Products */ = {
			isa = PBXGroup;
			children = (
				71800F4622DBFE8400CD9C63 /* ShopCarExample.app */,
				71800F5E22DBFE8600CD9C63 /* ShopCarExampleTests.xctest */,
				71800F6922DBFE8600CD9C63 /* ShopCarExampleUITests.xctest */,
			);
			name = Products;
			sourceTree = "<group>";
		};
		71800F4822DBFE8400CD9C63 /* ShopCarExample */ = {
			isa = PBXGroup;
			children = (
				71800F4922DBFE8400CD9C63 /* AppDelegate.h */,
				71800F4A22DBFE8400CD9C63 /* AppDelegate.m */,
				71800F4C22DBFE8400CD9C63 /* ViewController.h */,
				71800F4D22DBFE8400CD9C63 /* ViewController.m */,
				71800F4F22DBFE8400CD9C63 /* Main.storyboard */,
				71800F5222DBFE8600CD9C63 /* Assets.xcassets */,
				71800F5422DBFE8600CD9C63 /* LaunchScreen.storyboard */,
				71800F5722DBFE8600CD9C63 /* Info.plist */,
				71800F5822DBFE8600CD9C63 /* main.m */,
			);
			path = ShopCarExample;
			sourceTree = "<group>";
		};
		71800F6122DBFE8600CD9C63 /* ShopCarExampleTests */ = {
			isa = PBXGroup;
			children = (
				71800F6222DBFE8600CD9C63 /* ShopCarExampleTests.m */,
				71800F6422DBFE8600CD9C63 /* Info.plist */,
			);
			path = ShopCarExampleTests;
			sourceTree = "<group>";
		};
		71800F6C22DBFE8600CD9C63 /* ShopCarExampleUITests */ = {
			isa = PBXGroup;
			children = (
				71800F6D22DBFE8600CD9C63 /* ShopCarExampleUITests.m */,
				71800F6F22DBFE8600CD9C63 /* Info.plist */,
			);
			path = ShopCarExampleUITests;
			sourceTree = "<group>";
		};
/* End PBXGroup section */

/* Begin PBXNativeTarget section */
		71800F4522DBFE8400CD9C63 /* ShopCarExample */ = {
			isa = PBXNativeTarget;
			buildConfigurationList = 71800F7222DBFE8600CD9C63 /* Build configuration list for PBXNativeTarget "ShopCarExample" */;
			buildPhases = (
				71800F4222DBFE8400CD9C63 /* Sources */,
				71800F4322DBFE8400CD9C63 /* Frameworks */,
				71800F4422DBFE8400CD9C63 /* Resources */,
			);
			buildRules = (
			);
			dependencies = (
			);
			name = ShopCarExample;
			productName = ShopCarExample;
			productReference = 71800F4622DBFE8400CD9C63 /* ShopCarExample.app */;
			productType = "com.apple.product-type.application";
		};
		71800F5D22DBFE8600CD9C63 /* ShopCarExampleTests */ = {
			isa = PBXNativeTarget;
			buildConfigurationList = 71800F7522DBFE8600CD9C63 /* Build configuration list for PBXNativeTarget "ShopCarExampleTests" */;
			buildPhases = (
				71800F5A22DBFE8600CD9C63 /* Sources */,
				71800F5B22DBFE8600CD9C63 /* Frameworks */,
				71800F5C22DBFE8600CD9C63 /* Resources */,
			);
			buildRules = (
			);
			dependencies = (
				71800F6022DBFE8600CD9C63 /* PBXTargetDependency */,
			);
			name = ShopCarExampleTests;
			productName = ShopCarExampleTests;
			productReference = 71800F5E22DBFE8600CD9C63 /* ShopCarExampleTests.xctest */;
			productType = "com.apple.product-type.bundle.unit-test";
		};
		71800F6822DBFE8600CD9C63 /* ShopCarExampleUITests */ = {
			isa = PBXNativeTarget;
			buildConfigurationList = 71800F7822DBFE8600CD9C63 /* Build configuration list for PBXNativeTarget "ShopCarExampleUITests" */;
			buildPhases = (
				71800F6522DBFE8600CD9C63 /* Sources */,
				71800F6622DBFE8600CD9C63 /* Frameworks */,
				71800F6722DBFE8600CD9C63 /* Resources */,
			);
			buildRules = (
			);
			dependencies = (
				71800F6B22DBFE8600CD9C63 /* PBXTargetDependency */,
			);
			name = ShopCarExampleUITests;
			productName = ShopCarExampleUITests;
			productReference = 71800F6922DBFE8600CD9C63 /* ShopCarExampleUITests.xctest */;
			productType = "com.apple.product-type.bundle.ui-testing";
		};
/* End PBXNativeTarget section */

/* Begin PBXProject section */
		71800F3E22DBFE8400CD9C63 /* Project object */ = {
			isa = PBXProject;
			attributes = {
				LastUpgradeCheck = 1010;
				ORGANIZATIONNAME = "李少锋";
				TargetAttributes = {
					71800F4522DBFE8400CD9C63 = {
						CreatedOnToolsVersion = 10.1;
					};
					71800F5D22DBFE8600CD9C63 = {
						CreatedOnToolsVersion = 10.1;
						TestTargetID = 71800F4522DBFE8400CD9C63;
					};
					71800F6822DBFE8600CD9C63 = {
						CreatedOnToolsVersion = 10.1;
						TestTargetID = 71800F4522DBFE8400CD9C63;
					};
				};
			};
			buildConfigurationList = 71800F4122DBFE8400CD9C63 /* Build configuration list for PBXProject "ShopCarExample" */;
			compatibilityVersion = "Xcode 9.3";
			developmentRegion = en;
			hasScannedForEncodings = 0;
			knownRegions = (
				en,
				Base,
			);
			mainGroup = 71800F3D22DBFE8400CD9C63;
			productRefGroup = 71800F4722DBFE8400CD9C63 /* Products */;
			projectDirPath = "";
			projectRoot = "";
			targets = (
				71800F4522DBFE8400CD9C63 /* ShopCarExample */,
				71800F5D22DBFE8600CD9C63 /* ShopCarExampleTests */,
				71800F6822DBFE8600CD9C63 /* ShopCarExampleUITests */,
			);
		};
/* End PBXProject section */

/* Begin PBXResourcesBuildPhase section */
		71800F4422DBFE8400CD9C63 /* Resources */ = {
			isa = PBXResourcesBuildPhase;
			buildActionMask = 2147483647;
			files = (
				71800F5622DBFE8600CD9C63 /* LaunchScreen.storyboard in Resources */,
				71800F5322DBFE8600CD9C63 /* Assets.xcassets in Resources */,
				71800F5122DBFE8400CD9C63 /* Main.storyboard in Resources */,
			);
			runOnlyForDeploymentPostprocessing = 0;
		};
		71800F5C22DBFE8600CD9C63 /* Resources */ = {
			isa = PBXResourcesBuildPhase;
			buildActionMask = 2147483647;
			files = (
			);
			runOnlyForDeploymentPostprocessing = 0;
		};
		71800F6722DBFE8600CD9C63 /* Resources */ = {
			isa = PBXResourcesBuildPhase;
			buildActionMask = 2147483647;
			files = (
			);
			runOnlyForDeploymentPostprocessing = 0;
		};
/* End PBXResourcesBuildPhase section */

/* Begin PBXSourcesBuildPhase section */
		71800F4222DBFE8400CD9C63 /* Sources */ = {
			isa = PBXSourcesBuildPhase;
			buildActionMask = 2147483647;
			files = (
				71800F4E22DBFE8400CD9C63 /* ViewController.m in Sources */,
				71800F5922DBFE8600CD9C63 /* main.m in Sources */,
				71800F4B22DBFE8400CD9C63 /* AppDelegate.m in Sources */,
			);
			runOnlyForDeploymentPostprocessing = 0;
		};
		71800F5A22DBFE8600CD9C63 /* Sources */ = {
			isa = PBXSourcesBuildPhase;
			buildActionMask = 2147483647;
			files = (
				71800F6322DBFE8600CD9C63 /* ShopCarExampleTests.m in Sources */,
			);
			runOnlyForDeploymentPostprocessing = 0;
		};
		71800F6522DBFE8600CD9C63 /* Sources */ = {
			isa = PBXSourcesBuildPhase;
			buildActionMask = 2147483647;
			files = (
				71800F6E22DBFE8600CD9C63 /* ShopCarExampleUITests.m in Sources */,
			);
			runOnlyForDeploymentPostprocessing = 0;
		};
/* End PBXSourcesBuildPhase section */

/* Begin PBXTargetDependency section */
		71800F6022DBFE8600CD9C63 /* PBXTargetDependency */ = {
			isa = PBXTargetDependency;
			target = 71800F4522DBFE8400CD9C63 /* ShopCarExample */;
			targetProxy = 71800F5F22DBFE8600CD9C63 /* PBXContainerItemProxy */;
		};
		71800F6B22DBFE8600CD9C63 /* PBXTargetDependency */ = {
			isa = PBXTargetDependency;
			target = 71800F4522DBFE8400CD9C63 /* ShopCarExample */;
			targetProxy = 71800F6A22DBFE8600CD9C63 /* PBXContainerItemProxy */;
		};
/* End PBXTargetDependency section */

/* Begin PBXVariantGroup section */
		71800F4F22DBFE8400CD9C63 /* Main.storyboard */ = {
			isa = PBXVariantGroup;
			children = (
				71800F5022DBFE8400CD9C63 /* Base */,
			);
			name = Main.storyboard;
			sourceTree = "<group>";
		};
		71800F5422DBFE8600CD9C63 /* LaunchScreen.storyboard */ = {
			isa = PBXVariantGroup;
			children = (
				71800F5522DBFE8600CD9C63 /* Base */,
			);
			name = LaunchScreen.storyboard;
			sourceTree = "<group>";
		};
/* End PBXVariantGroup section */

/* Begin XCBuildConfiguration section */
		71800F7022DBFE8600CD9C63 /* Debug */ = {
			isa = XCBuildConfiguration;
			buildSettings = {
				ALWAYS_SEARCH_USER_PATHS = NO;
				CLANG_ANALYZER_NONNULL = YES;
				CLANG_ANALYZER_NUMBER_OBJECT_CONVERSION = YES_AGGRESSIVE;
				CLANG_CXX_LANGUAGE_STANDARD = "gnu++14";
				CLANG_CXX_LIBRARY = "libc++";
				CLANG_ENABLE_MODULES = YES;
				CLANG_ENABLE_OBJC_ARC = YES;
				CLANG_ENABLE_OBJC_WEAK = YES;
				CLANG_WARN_BLOCK_CAPTURE_AUTORELEASING = YES;
				CLANG_WARN_BOOL_CONVERSION = YES;
				CLANG_WARN_COMMA = YES;
				CLANG_WARN_CONSTANT_CONVERSION = YES;
				CLANG_WARN_DEPRECATED_OBJC_IMPLEMENTATIONS = YES;
				CLANG_WARN_DIRECT_OBJC_ISA_USAGE = YES_ERROR;
				CLANG_WARN_DOCUMENTATION_COMMENTS = YES;
				CLANG_WARN_EMPTY_BODY = YES;
				CLANG_WARN_ENUM_CONVERSION = YES;
				CLANG_WARN_INFINITE_RECURSION = YES;
				CLANG_WARN_INT_CONVERSION = YES;
				CLANG_WARN_NON_LITERAL_NULL_CONVERSION = YES;
				CLANG_WARN_OBJC_IMPLICIT_RETAIN_SELF = YES;
				CLANG_WARN_OBJC_LITERAL_CONVERSION = YES;
				CLANG_WARN_OBJC_ROOT_CLASS = YES_ERROR;
				CLANG_WARN_RANGE_LOOP_ANALYSIS = YES;
				CLANG_WARN_STRICT_PROTOTYPES = YES;
				CLANG_WARN_SUSPICIOUS_MOVE = YES;
				CLANG_WARN_UNGUARDED_AVAILABILITY = YES_AGGRESSIVE;
				CLANG_WARN_UNREACHABLE_CODE = YES;
				CLANG_WARN__DUPLICATE_METHOD_MATCH = YES;
				CODE_SIGN_IDENTITY = "iPhone Developer";
				COPY_PHASE_STRIP = NO;
				DEBUG_INFORMATION_FORMAT = dwarf;
				ENABLE_STRICT_OBJC_MSGSEND = YES;
				ENABLE_TESTABILITY = YES;
				GCC_C_LANGUAGE_STANDARD = gnu11;
				GCC_DYNAMIC_NO_PIC = NO;
				GCC_NO_COMMON_BLOCKS = YES;
				GCC_OPTIMIZATION_LEVEL = 0;
				GCC_PREPROCESSOR_DEFINITIONS = (
					"DEBUG=1",
					"$(inherited)",
				);
				GCC_WARN_64_TO_32_BIT_CONVERSION = YES;
				GCC_WARN_ABOUT_RETURN_TYPE = YES_ERROR;
				GCC_WARN_UNDECLARED_SELECTOR = YES;
				GCC_WARN_UNINITIALIZED_AUTOS = YES_AGGRESSIVE;
				GCC_WARN_UNUSED_FUNCTION = YES;
				GCC_WARN_UNUSED_VARIABLE = YES;
				IPHONEOS_DEPLOYMENT_TARGET = 12.1;
				MTL_ENABLE_DEBUG_INFO = INCLUDE_SOURCE;
				MTL_FAST_MATH = YES;
				ONLY_ACTIVE_ARCH = YES;
				SDKROOT = iphoneos;
			};
			name = Debug;
		};
		71800F7122DBFE8600CD9C63 /* Release */ = {
			isa = XCBuildConfiguration;
			buildSettings = {
				ALWAYS_SEARCH_USER_PATHS = NO;
				CLANG_ANALYZER_NONNULL = YES;
				CLANG_ANALYZER_NUMBER_OBJECT_CONVERSION = YES_AGGRESSIVE;
				CLANG_CXX_LANGUAGE_STANDARD = "gnu++14";
				CLANG_CXX_LIBRARY = "libc++";
				CLANG_ENABLE_MODULES = YES;
				CLANG_ENABLE_OBJC_ARC = YES;
				CLANG_ENABLE_OBJC_WEAK = YES;
				CLANG_WARN_BLOCK_CAPTURE_AUTORELEASING = YES;
				CLANG_WARN_BOOL_CONVERSION = YES;
				CLANG_WARN_COMMA = YES;
				CLANG_WARN_CONSTANT_CONVERSION = YES;
				CLANG_WARN_DEPRECATED_OBJC_IMPLEMENTATIONS = YES;
				CLANG_WARN_DIRECT_OBJC_ISA_USAGE = YES_ERROR;
				CLANG_WARN_DOCUMENTATION_COMMENTS = YES;
				CLANG_WARN_EMPTY_BODY = YES;
				CLANG_WARN_ENUM_CONVERSION = YES;
				CLANG_WARN_INFINITE_RECURSION = YES;
				CLANG_WARN_INT_CONVERSION = YES;
				CLANG_WARN_NON_LITERAL_NULL_CONVERSION = YES;
				CLANG_WARN_OBJC_IMPLICIT_RETAIN_SELF = YES;
				CLANG_WARN_OBJC_LITERAL_CONVERSION = YES;
				CLANG_WARN_OBJC_ROOT_CLASS = YES_ERROR;
				CLANG_WARN_RANGE_LOOP_ANALYSIS = YES;
				CLANG_WARN_STRICT_PROTOTYPES = YES;
				CLANG_WARN_SUSPICIOUS_MOVE = YES;
				CLANG_WARN_UNGUARDED_AVAILABILITY = YES_AGGRESSIVE;
				CLANG_WARN_UNREACHABLE_CODE = YES;
				CLANG_WARN__DUPLICATE_METHOD_MATCH = YES;
				CODE_SIGN_IDENTITY = "iPhone Developer";
				COPY_PHASE_STRIP = NO;
				DEBUG_INFORMATION_FORMAT = "dwarf-with-dsym";
				ENABLE_NS_ASSERTIONS = NO;
				ENABLE_STRICT_OBJC_MSGSEND = YES;
				GCC_C_LANGUAGE_STANDARD = gnu11;
				GCC_NO_COMMON_BLOCKS = YES;
				GCC_WARN_64_TO_32_BIT_CONVERSION = YES;
				GCC_WARN_ABOUT_RETURN_TYPE = YES_ERROR;
				GCC_WARN_UNDECLARED_SELECTOR = YES;
				GCC_WARN_UNINITIALIZED_AUTOS = YES_AGGRESSIVE;
				GCC_WARN_UNUSED_FUNCTION = YES;
				GCC_WARN_UNUSED_VARIABLE = YES;
				IPHONEOS_DEPLOYMENT_TARGET = 12.1;
				MTL_ENABLE_DEBUG_INFO = NO;
				MTL_FAST_MATH = YES;
				SDKROOT = iphoneos;
				VALIDATE_PRODUCT = YES;
			};
			name = Release;
		};
		71800F7322DBFE8600CD9C63 /* Debug */ = {
			isa = XCBuildConfiguration;
			buildSettings = {
				ASSETCATALOG_COMPILER_APPICON_NAME = AppIcon;
				CODE_SIGN_STYLE = Automatic;
				DEVELOPMENT_TEAM = BH8H77TR8E;
				INFOPLIST_FILE = ShopCarExample/Info.plist;
				LD_RUNPATH_SEARCH_PATHS = (
					"$(inherited)",
					"@executable_path/Frameworks",
				);
				PRODUCT_BUNDLE_IDENTIFIER = lsf.ShopCarExample;
				PRODUCT_NAME = "$(TARGET_NAME)";
				TARGETED_DEVICE_FAMILY = "1,2";
			};
			name = Debug;
		};
		71800F7422DBFE8600CD9C63 /* Release */ = {
			isa = XCBuildConfiguration;
			buildSettings = {
				ASSETCATALOG_COMPILER_APPICON_NAME = AppIcon;
				CODE_SIGN_STYLE = Automatic;
				DEVELOPMENT_TEAM = BH8H77TR8E;
				INFOPLIST_FILE = ShopCarExample/Info.plist;
				LD_RUNPATH_SEARCH_PATHS = (
					"$(inherited)",
					"@executable_path/Frameworks",
				);
				PRODUCT_BUNDLE_IDENTIFIER = lsf.ShopCarExample;
				PRODUCT_NAME = "$(TARGET_NAME)";
				TARGETED_DEVICE_FAMILY = "1,2";
			};
			name = Release;
		};
		71800F7622DBFE8600CD9C63 /* Debug */ = {
			isa = XCBuildConfiguration;
			buildSettings = {
				BUNDLE_LOADER = "$(TEST_HOST)";
				CODE_SIGN_STYLE = Automatic;
				DEVELOPMENT_TEAM = BH8H77TR8E;
				INFOPLIST_FILE = ShopCarExampleTests/Info.plist;
				LD_RUNPATH_SEARCH_PATHS = (
					"$(inherited)",
					"@executable_path/Frameworks",
					"@loader_path/Frameworks",
				);
				PRODUCT_BUNDLE_IDENTIFIER = lsf.ShopCarExampleTests;
				PRODUCT_NAME = "$(TARGET_NAME)";
				TARGETED_DEVICE_FAMILY = "1,2";
				TEST_HOST = "$(BUILT_PRODUCTS_DIR)/ShopCarExample.app/ShopCarExample";
			};
			name = Debug;
		};
		71800F7722DBFE8600CD9C63 /* Release */ = {
			isa = XCBuildConfiguration;
			buildSettings = {
				BUNDLE_LOADER = "$(TEST_HOST)";
				CODE_SIGN_STYLE = Automatic;
				DEVELOPMENT_TEAM = BH8H77TR8E;
				INFOPLIST_FILE = ShopCarExampleTests/Info.plist;
				LD_RUNPATH_SEARCH_PATHS = (
					"$(inherited)",
					"@executable_path/Frameworks",
					"@loader_path/Frameworks",
				);
				PRODUCT_BUNDLE_IDENTIFIER = lsf.ShopCarExampleTests;
				PRODUCT_NAME = "$(TARGET_NAME)";
				TARGETED_DEVICE_FAMILY = "1,2";
				TEST_HOST = "$(BUILT_PRODUCTS_DIR)/ShopCarExample.app/ShopCarExample";
			};
			name = Release;
		};
		71800F7922DBFE8600CD9C63 /* Debug */ = {
			isa = XCBuildConfiguration;
			buildSettings = {
				CODE_SIGN_STYLE = Automatic;
				DEVELOPMENT_TEAM = BH8H77TR8E;
				INFOPLIST_FILE = ShopCarExampleUITests/Info.plist;
				LD_RUNPATH_SEARCH_PATHS = (
					"$(inherited)",
					"@executable_path/Frameworks",
					"@loader_path/Frameworks",
				);
				PRODUCT_BUNDLE_IDENTIFIER = lsf.ShopCarExampleUITests;
				PRODUCT_NAME = "$(TARGET_NAME)";
				TARGETED_DEVICE_FAMILY = "1,2";
				TEST_TARGET_NAME = ShopCarExample;
			};
			name = Debug;
		};
		71800F7A22DBFE8600CD9C63 /* Release */ = {
			isa = XCBuildConfiguration;
			buildSettings = {
				CODE_SIGN_STYLE = Automatic;
				DEVELOPMENT_TEAM = BH8H77TR8E;
				INFOPLIST_FILE = ShopCarExampleUITests/Info.plist;
				LD_RUNPATH_SEARCH_PATHS = (
					"$(inherited)",
					"@executable_path/Frameworks",
					"@loader_path/Frameworks",
				);
				PRODUCT_BUNDLE_IDENTIFIER = lsf.ShopCarExampleUITests;
				PRODUCT_NAME = "$(TARGET_NAME)";
				TARGETED_DEVICE_FAMILY = "1,2";
				TEST_TARGET_NAME = ShopCarExample;
			};
			name = Release;
		};
/* End XCBuildConfiguration section */

/* Begin XCConfigurationList section */
		71800F4122DBFE8400CD9C63 /* Build configuration list for PBXProject "ShopCarExample" */ = {
			isa = XCConfigurationList;
			buildConfigurations = (
				71800F7022DBFE8600CD9C63 /* Debug */,
				71800F7122DBFE8600CD9C63 /* Release */,
			);
			defaultConfigurationIsVisible = 0;
			defaultConfigurationName = Release;
		};
		71800F7222DBFE8600CD9C63 /* Build configuration list for PBXNativeTarget "ShopCarExample" */ = {
			isa = XCConfigurationList;
			buildConfigurations = (
				71800F7322DBFE8600CD9C63 /* Debug */,
				71800F7422DBFE8600CD9C63 /* Release */,
			);
			defaultConfigurationIsVisible = 0;
			defaultConfigurationName = Release;
		};
		71800F7522DBFE8600CD9C63 /* Build configuration list for PBXNativeTarget "ShopCarExampleTests" */ = {
			isa = XCConfigurationList;
			buildConfigurations = (
				71800F7622DBFE8600CD9C63 /* Debug */,
				71800F7722DBFE8600CD9C63 /* Release */,
			);
			defaultConfigurationIsVisible = 0;
			defaultConfigurationName = Release;
		};
		71800F7822DBFE8600CD9C63 /* Build configuration list for PBXNativeTarget "ShopCarExampleUITests" */ = {
			isa = XCConfigurationList;
			buildConfigurations = (
				71800F7922DBFE8600CD9C63 /* Debug */,
				71800F7A22DBFE8600CD9C63 /* Release */,
			);
			defaultConfigurationIsVisible = 0;
			defaultConfigurationName = Release;
		};
/* End XCConfigurationList section */
	};
	rootObject = 71800F3E22DBFE8400CD9C63 /* Project object */;
}
